
Microsoft Visual Studio Solution File, Format Version 12.00
# Visual Studio 14
VisualStudioVersion = 14.0.24720.0
MinimumVisualStudioVersion = 10.0.40219.1
Project("{FAE04EC0-301F-11D3-BF4B-00C04F79EFBC}") = "gitInsta", "gitInsta\gitInsta.csproj", "{8251E9BA-7178-4074-9077-9D29DE4A65AE}"
EndProject
Project("{FAE04EC0-301F-11D3-BF4B-00C04F79EFBC}") = "gitInsta.Tests", "gitInsta.Tests\gitInsta.Tests.csproj", "{5D1CC1B3-3E94-4C08-BD64-E5CF47E7BC97}"
EndProject
Global
	GlobalSection(SolutionConfigurationPlatforms) = preSolution
		Debug|Any CPU = Debug|Any CPU
		Release|Any CPU = Release|Any CPU
	EndGlobalSection
	GlobalSection(ProjectConfigurationPlatforms) = postSolution
		{8251E9BA-7178-4074-9077-9D29DE4A65AE}.Debug|Any CPU.ActiveCfg = Debug|Any CPU
		{8251E9BA-7178-4074-9077-9D29DE4A65AE}.Debug|Any CPU.Build.0 = Debug|Any CPU
		{8251E9BA-7178-4074-9077-9D29DE4A65AE}.Release|Any CPU.ActiveCfg = Release|Any CPU
		{8251E9BA-7178-4074-9077-9D29DE4A65AE}.Release|Any CPU.Build.0 = Release|Any CPU
		{5D1CC1B3-3E94-4C08-BD64-E5CF47E7BC97}.Debug|Any CPU.ActiveCfg = Debug|Any CPU
		{5D1CC1B3-3E94-4C08-BD64-E5CF47E7BC97}.Debug|Any CPU.Build.0 = Debug|Any CPU
		{5D1CC1B3-3E94-4C08-BD64-E5CF47E7BC97}.Release|Any CPU.ActiveCfg = Release|Any CPU
		{5D1CC1B3-3E94-4C08-BD64-E5CF47E7BC97}.Release|Any CPU.Build.0 = Release|Any CPU
	EndGlobalSection
	GlobalSection(SolutionProperties) = preSolution
		HideSolutionNode = FALSE
	EndGlobalSection
EndGlobal
